
Microsoft Visual Studio Solution File, Format Version 12.00
# Visual Studio Version 16
VisualStudioVersion = 16.0.31702.278
MinimumVisualStudioVersion = 10.0.40219.1
Project("{FAE04EC0-301F-11D3-BF4B-00C04F79EFBC}") = "CabInvoiceGenerator", "CabInvoiceGenerator\CabInvoiceGenerator.csproj", "{AA54E19D-EE3F-4D34-8128-C23CD36AF22F}"
EndProject
Project("{FAE04EC0-301F-11D3-BF4B-00C04F79EFBC}") = "CabInvoiceTestCase", "CabInvoiceTestCase\CabInvoiceTestCase.csproj", "{04E1EA1A-3EA1-419F-ABEE-A9BF6520EA4C}"
EndProject
Global
	GlobalSection(SolutionConfigurationPlatforms) = preSolution
		Debug|Any CPU = Debug|Any CPU
		Release|Any CPU = Release|Any CPU
	EndGlobalSection
	GlobalSection(ProjectConfigurationPlatforms) = postSolution
		{AA54E19D-EE3F-4D34-8128-C23CD36AF22F}.Debug|Any CPU.ActiveCfg = Debug|Any CPU
		{AA54E19D-EE3F-4D34-8128-C23CD36AF22F}.Debug|Any CPU.Build.0 = Debug|Any CPU
		{AA54E19D-EE3F-4D34-8128-C23CD36AF22F}.Release|Any CPU.ActiveCfg = Release|Any CPU
		{AA54E19D-EE3F-4D34-8128-C23CD36AF22F}.Release|Any CPU.Build.0 = Release|Any CPU
		{04E1EA1A-3EA1-419F-ABEE-A9BF6520EA4C}.Debug|Any CPU.ActiveCfg = Debug|Any CPU
		{04E1EA1A-3EA1-419F-ABEE-A9BF6520EA4C}.Debug|Any CPU.Build.0 = Debug|Any CPU
		{04E1EA1A-3EA1-419F-ABEE-A9BF6520EA4C}.Release|Any CPU.ActiveCfg = Release|Any CPU
		{04E1EA1A-3EA1-419F-ABEE-A9BF6520EA4C}.Release|Any CPU.Build.0 = Release|Any CPU
	EndGlobalSection
	GlobalSection(SolutionProperties) = preSolution
		HideSolutionNode = FALSE
	EndGlobalSection
	GlobalSection(ExtensibilityGlobals) = postSolution
		SolutionGuid = {8C9DE7AC-C32E-423F-8E30-5AC731418FF3}
	EndGlobalSection
EndGlobal
